// !$*UTF8*$!
{
	archiveVersion = 1;
	classes = {
	};
	objectVersion = 50;
	objects = {

/* Begin PBXBuildFile section */
		5E5BDDF722B4548500BF11D3 /* main.swift in Sources */ = {isa = PBXBuildFile; fileRef = 5E5BDDF622B4548500BF11D3 /* main.swift */; };
		5E5BDE0122B459EE00BF11D3 /* users.json in CopyFiles */ = {isa = PBXBuildFile; fileRef = 5E5BDDFF22B457B900BF11D3 /* users.json */; };
		5E5BDE0322B45B8F00BF11D3 /* users.swift in Sources */ = {isa = PBXBuildFile; fileRef = 5E5BDE0222B45B8F00BF11D3 /* users.swift */; };
		5E5BDE0522B45BA000BF11D3 /* address.swift in Sources */ = {isa = PBXBuildFile; fileRef = 5E5BDE0422B45BA000BF11D3 /* address.swift */; };
		5E5BDE0722B45BB600BF11D3 /* company.swift in Sources */ = {isa = PBXBuildFile; fileRef = 5E5BDE0622B45BB600BF11D3 /* company.swift */; };
		5E5BDE0922B45D3000BF11D3 /* geo.swift in Sources */ = {isa = PBXBuildFile; fileRef = 5E5BDE0822B45D3000BF11D3 /* geo.swift */; };
/* End PBXBuildFile section */

/* Begin PBXCopyFilesBuildPhase section */
		5E5BDDF122B4548500BF11D3 /* CopyFiles */ = {
			isa = PBXCopyFilesBuildPhase;
			buildActionMask = 2147483647;
			dstPath = /usr/share/man/man1/;
			dstSubfolderSpec = 0;
			files = (
			);
			runOnlyForDeploymentPostprocessing = 1;
		};
		5E5BDE0022B459DE00BF11D3 /* CopyFiles */ = {
			isa = PBXCopyFilesBuildPhase;
			buildActionMask = 2147483647;
			dstPath = "";
			dstSubfolderSpec = 7;
			files = (
				5E5BDE0122B459EE00BF11D3 /* users.json in CopyFiles */,
			);
			runOnlyForDeploymentPostprocessing = 0;
		};
/* End PBXCopyFilesBuildPhase section */

/* Begin PBXFileReference section */
		5E5BDDF322B4548500BF11D3 /* day7reading */ = {isa = PBXFileReference; explicitFileType = "compiled.mach-o.executable"; includeInIndex = 0; path = day7reading; sourceTree = BUILT_PRODUCTS_DIR; };
		5E5BDDF622B4548500BF11D3 /* main.swift */ = {isa = PBXFileReference; lastKnownFileType = sourcecode.swift; path = main.swift; sourceTree = "<group>"; };
		5E5BDDFF22B457B900BF11D3 /* users.json */ = {isa = PBXFileReference; lastKnownFileType = text.json; path = users.json; sourceTree = "<group>"; };
		5E5BDE0222B45B8F00BF11D3 /* users.swift */ = {isa = PBXFileReference; lastKnownFileType = sourcecode.swift; path = users.swift; sourceTree = "<group>"; };
		5E5BDE0422B45BA000BF11D3 /* address.swift */ = {isa = PBXFileReference; lastKnownFileType = sourcecode.swift; path = address.swift; sourceTree = "<group>"; };
		5E5BDE0622B45BB600BF11D3 /* company.swift */ = {isa = PBXFileReference; lastKnownFileType = sourcecode.swift; path = company.swift; sourceTree = "<group>"; };
		5E5BDE0822B45D3000BF11D3 /* geo.swift */ = {isa = PBXFileReference; lastKnownFileType = sourcecode.swift; path = geo.swift; sourceTree = "<group>"; };
/* End PBXFileReference section */

/* Begin PBXFrameworksBuildPhase section */
		5E5BDDF022B4548500BF11D3 /* Frameworks */ = {
			isa = PBXFrameworksBuildPhase;
			buildActionMask = 2147483647;
			files = (
			);
			runOnlyForDeploymentPostprocessing = 0;
		};
/* End PBXFrameworksBuildPhase section */

/* Begin PBXGroup section */
		5E5BDDEA22B4548500BF11D3 = {
			isa = PBXGroup;
			children = (
				5E5BDDF522B4548500BF11D3 /* day7reading */,
				5E5BDDF422B4548500BF11D3 /* Products */,
			);
			sourceTree = "<group>";
		};
		5E5BDDF422B4548500BF11D3 /* Products */ = {
			isa = PBXGroup;
			children = (
				5E5BDDF322B4548500BF11D3 /* day7reading */,
			);
			name = Products;
			sourceTree = "<group>";
		};
		5E5BDDF522B4548500BF11D3 /* day7reading */ = {
			isa = PBXGroup;
			children = (
				5E5BDDF622B4548500BF11D3 /* main.swift */,
				5E5BDDFF22B457B900BF11D3 /* users.json */,
				5E5BDE0222B45B8F00BF11D3 /* users.swift */,
				5E5BDE0422B45BA000BF11D3 /* address.swift */,
				5E5BDE0622B45BB600BF11D3 /* company.swift */,
				5E5BDE0822B45D3000BF11D3 /* geo.swift */,
			);
			path = day7reading;
			sourceTree = "<group>";
		};
/* End PBXGroup section */

/* Begin PBXNativeTarget section */
		5E5BDDF222B4548500BF11D3 /* day7reading */ = {
			isa = PBXNativeTarget;
			buildConfigurationList = 5E5BDDFA22B4548500BF11D3 /* Build configuration list for PBXNativeTarget "day7reading" */;
			buildPhases = (
				5E5BDDEF22B4548500BF11D3 /* Sources */,
				5E5BDDF022B4548500BF11D3 /* Frameworks */,
				5E5BDDF122B4548500BF11D3 /* CopyFiles */,
				5E5BDE0022B459DE00BF11D3 /* CopyFiles */,
			);
			buildRules = (
			);
			dependencies = (
			);
			name = day7reading;
			productName = day7reading;
			productReference = 5E5BDDF322B4548500BF11D3 /* day7reading */;
			productType = "com.apple.product-type.tool";
		};
/* End PBXNativeTarget section */

/* Begin PBXProject section */
		5E5BDDEB22B4548500BF11D3 /* Project object */ = {
			isa = PBXProject;
			attributes = {
				LastSwiftUpdateCheck = 1020;
				LastUpgradeCheck = 1020;
				ORGANIZATIONNAME = "Parag Garg";
				TargetAttributes = {
					5E5BDDF222B4548500BF11D3 = {
						CreatedOnToolsVersion = 10.2.1;
					};
				};
			};
			buildConfigurationList = 5E5BDDEE22B4548500BF11D3 /* Build configuration list for PBXProject "day7reading" */;
			compatibilityVersion = "Xcode 9.3";
			developmentRegion = en;
			hasScannedForEncodings = 0;
			knownRegions = (
				en,
			);
			mainGroup = 5E5BDDEA22B4548500BF11D3;
			productRefGroup = 5E5BDDF422B4548500BF11D3 /* Products */;
			projectDirPath = "";
			projectRoot = "";
			targets = (
				5E5BDDF222B4548500BF11D3 /* day7reading */,
			);
		};
/* End PBXProject section */

/* Begin PBXSourcesBuildPhase section */
		5E5BDDEF22B4548500BF11D3 /* Sources */ = {
			isa = PBXSourcesBuildPhase;
			buildActionMask = 2147483647;
			files = (
				5E5BDE0322B45B8F00BF11D3 /* users.swift in Sources */,
				5E5BDDF722B4548500BF11D3 /* main.swift in Sources */,
				5E5BDE0922B45D3000BF11D3 /* geo.swift in Sources */,
				5E5BDE0522B45BA000BF11D3 /* address.swift in Sources */,
				5E5BDE0722B45BB600BF11D3 /* company.swift in Sources */,
			);
			runOnlyForDeploymentPostprocessing = 0;
		};
/* End PBXSourcesBuildPhase section */

/* Begin XCBuildConfiguration section */
		5E5BDDF822B4548500BF11D3 /* Debug */ = {
			isa = XCBuildConfiguration;
			buildSettings = {
				ALWAYS_SEARCH_USER_PATHS = NO;
				CLANG_ANALYZER_NONNULL = YES;
				CLANG_ANALYZER_NUMBER_OBJECT_CONVERSION = YES_AGGRESSIVE;
				CLANG_CXX_LANGUAGE_STANDARD = "gnu++14";
				CLANG_CXX_LIBRARY = "libc++";
				CLANG_ENABLE_MODULES = YES;
				CLANG_ENABLE_OBJC_ARC = YES;
				CLANG_ENABLE_OBJC_WEAK = YES;
				CLANG_WARN_BLOCK_CAPTURE_AUTORELEASING = YES;
				CLANG_WARN_BOOL_CONVERSION = YES;
				CLANG_WARN_COMMA = YES;
				CLANG_WARN_CONSTANT_CONVERSION = YES;
				CLANG_WARN_DEPRECATED_OBJC_IMPLEMENTATIONS = YES;
				CLANG_WARN_DIRECT_OBJC_ISA_USAGE = YES_ERROR;
				CLANG_WARN_DOCUMENTATION_COMMENTS = YES;
				CLANG_WARN_EMPTY_BODY = YES;
				CLANG_WARN_ENUM_CONVERSION = YES;
				CLANG_WARN_INFINITE_RECURSION = YES;
				CLANG_WARN_INT_CONVERSION = YES;
				CLANG_WARN_NON_LITERAL_NULL_CONVERSION = YES;
				CLANG_WARN_OBJC_IMPLICIT_RETAIN_SELF = YES;
				CLANG_WARN_OBJC_LITERAL_CONVERSION = YES;
				CLANG_WARN_OBJC_ROOT_CLASS = YES_ERROR;
				CLANG_WARN_RANGE_LOOP_ANALYSIS = YES;
				CLANG_WARN_STRICT_PROTOTYPES = YES;
				CLANG_WARN_SUSPICIOUS_MOVE = YES;
				CLANG_WARN_UNGUARDED_AVAILABILITY = YES_AGGRESSIVE;
				CLANG_WARN_UNREACHABLE_CODE = YES;
				CLANG_WARN__DUPLICATE_METHOD_MATCH = YES;
				CODE_SIGN_IDENTITY = "-";
				COPY_PHASE_STRIP = NO;
				DEBUG_INFORMATION_FORMAT = dwarf;
				ENABLE_STRICT_OBJC_MSGSEND = YES;
				ENABLE_TESTABILITY = YES;
				GCC_C_LANGUAGE_STANDARD = gnu11;
				GCC_DYNAMIC_NO_PIC = NO;
				GCC_NO_COMMON_BLOCKS = YES;
				GCC_OPTIMIZATION_LEVEL = 0;
				GCC_PREPROCESSOR_DEFINITIONS = (
					"DEBUG=1",
					"$(inherited)",
				);
				GCC_WARN_64_TO_32_BIT_CONVERSION = YES;
				GCC_WARN_ABOUT_RETURN_TYPE = YES_ERROR;
				GCC_WARN_UNDECLARED_SELECTOR = YES;
				GCC_WARN_UNINITIALIZED_AUTOS = YES_AGGRESSIVE;
				GCC_WARN_UNUSED_FUNCTION = YES;
				GCC_WARN_UNUSED_VARIABLE = YES;
				MACOSX_DEPLOYMENT_TARGET = 10.14;
				MTL_ENABLE_DEBUG_INFO = INCLUDE_SOURCE;
				MTL_FAST_MATH = YES;
				ONLY_ACTIVE_ARCH = YES;
				SDKROOT = macosx;
				SWIFT_ACTIVE_COMPILATION_CONDITIONS = DEBUG;
				SWIFT_OPTIMIZATION_LEVEL = "-Onone";
			};
			name = Debug;
		};
		5E5BDDF922B4548500BF11D3 /* Release */ = {
			isa = XCBuildConfiguration;
			buildSettings = {
				ALWAYS_SEARCH_USER_PATHS = NO;
				CLANG_ANALYZER_NONNULL = YES;
				CLANG_ANALYZER_NUMBER_OBJECT_CONVERSION = YES_AGGRESSIVE;
				CLANG_CXX_LANGUAGE_STANDARD = "gnu++14";
				CLANG_CXX_LIBRARY = "libc++";
				CLANG_ENABLE_MODULES = YES;
				CLANG_ENABLE_OBJC_ARC = YES;
				CLANG_ENABLE_OBJC_WEAK = YES;
				CLANG_WARN_BLOCK_CAPTURE_AUTORELEASING = YES;
				CLANG_WARN_BOOL_CONVERSION = YES;
				CLANG_WARN_COMMA = YES;
				CLANG_WARN_CONSTANT_CONVERSION = YES;
				CLANG_WARN_DEPRECATED_OBJC_IMPLEMENTATIONS = YES;
				CLANG_WARN_DIRECT_OBJC_ISA_USAGE = YES_ERROR;
				CLANG_WARN_DOCUMENTATION_COMMENTS = YES;
				CLANG_WARN_EMPTY_BODY = YES;
				CLANG_WARN_ENUM_CONVERSION = YES;
				CLANG_WARN_INFINITE_RECURSION = YES;
				CLANG_WARN_INT_CONVERSION = YES;
				CLANG_WARN_NON_LITERAL_NULL_CONVERSION = YES;
				CLANG_WARN_OBJC_IMPLICIT_RETAIN_SELF = YES;
				CLANG_WARN_OBJC_LITERAL_CONVERSION = YES;
				CLANG_WARN_OBJC_ROOT_CLASS = YES_ERROR;
				CLANG_WARN_RANGE_LOOP_ANALYSIS = YES;
				CLANG_WARN_STRICT_PROTOTYPES = YES;
				CLANG_WARN_SUSPICIOUS_MOVE = YES;
				CLANG_WARN_UNGUARDED_AVAILABILITY = YES_AGGRESSIVE;
				CLANG_WARN_UNREACHABLE_CODE = YES;
				CLANG_WARN__DUPLICATE_METHOD_MATCH = YES;
				CODE_SIGN_IDENTITY = "-";
				COPY_PHASE_STRIP = NO;
				DEBUG_INFORMATION_FORMAT = "dwarf-with-dsym";
				ENABLE_NS_ASSERTIONS = NO;
				ENABLE_STRICT_OBJC_MSGSEND = YES;
				GCC_C_LANGUAGE_STANDARD = gnu11;
				GCC_NO_COMMON_BLOCKS = YES;
				GCC_WARN_64_TO_32_BIT_CONVERSION = YES;
				GCC_WARN_ABOUT_RETURN_TYPE = YES_ERROR;
				GCC_WARN_UNDECLARED_SELECTOR = YES;
				GCC_WARN_UNINITIALIZED_AUTOS = YES_AGGRESSIVE;
				GCC_WARN_UNUSED_FUNCTION = YES;
				GCC_WARN_UNUSED_VARIABLE = YES;
				MACOSX_DEPLOYMENT_TARGET = 10.14;
				MTL_ENABLE_DEBUG_INFO = NO;
				MTL_FAST_MATH = YES;
				SDKROOT = macosx;
				SWIFT_COMPILATION_MODE = wholemodule;
				SWIFT_OPTIMIZATION_LEVEL = "-O";
			};
			name = Release;
		};
		5E5BDDFB22B4548500BF11D3 /* Debug */ = {
			isa = XCBuildConfiguration;
			buildSettings = {
				CODE_SIGN_STYLE = Automatic;
				PRODUCT_NAME = "$(TARGET_NAME)";
				SWIFT_VERSION = 5.0;
			};
			name = Debug;
		};
		5E5BDDFC22B4548500BF11D3 /* Release */ = {
			isa = XCBuildConfiguration;
			buildSettings = {
				CODE_SIGN_STYLE = Automatic;
				PRODUCT_NAME = "$(TARGET_NAME)";
				SWIFT_VERSION = 5.0;
			};
			name = Release;
		};
/* End XCBuildConfiguration section */

/* Begin XCConfigurationList section */
		5E5BDDEE22B4548500BF11D3 /* Build configuration list for PBXProject "day7reading" */ = {
			isa = XCConfigurationList;
			buildConfigurations = (
				5E5BDDF822B4548500BF11D3 /* Debug */,
				5E5BDDF922B4548500BF11D3 /* Release */,
			);
			defaultConfigurationIsVisible = 0;
			defaultConfigurationName = Release;
		};
		5E5BDDFA22B4548500BF11D3 /* Build configuration list for PBXNativeTarget "day7reading" */ = {
			isa = XCConfigurationList;
			buildConfigurations = (
				5E5BDDFB22B4548500BF11D3 /* Debug */,
				5E5BDDFC22B4548500BF11D3 /* Release */,
			);
			defaultConfigurationIsVisible = 0;
			defaultConfigurationName = Release;
		};
/* End XCConfigurationList section */
	};
	rootObject = 5E5BDDEB22B4548500BF11D3 /* Project object */;
}
